{
  "name": "vk-botlongpoll",
  "version": "0.3.1",
  "lockfileVersion": 1,
  "requires": true,
  "dependencies": {
    "node-vk-sdk": {
      "version": "1.0.5",
      "resolved": "https://registry.npmjs.org/node-vk-sdk/-/node-vk-sdk-1.0.5.tgz",
      "integrity": "sha512-JlyiMf7TOSJEGlBXkVBOF319uh+4IoJSeYG+iMoxytXMO8MhNGIrqyCgFj9WBSoD6vC8kne5jngYwdvLvpGDXQ==",
      "requires": {
        "tiny_request": "1.0.13"
      }
    },
    "promise-vksdk": {
      "version": "5.3.3",
      "resolved": "https://registry.npmjs.org/promise-vksdk/-/promise-vksdk-5.3.3.tgz",
      "integrity": "sha512-ExYmLut3q+oRpVngn4ZtnbkJuTqRuiQZBaGvU7w0AC67QKmS6x6aT/Elqt/lGbecp/3LgH2tyMg8lAedDXXoIg=="
    },
    "tiny_request": {
      "version": "1.0.13",
      "resolved": "https://registry.npmjs.org/tiny_request/-/tiny_request-1.0.13.tgz",
      "integrity": "sha1-gbmXd5R1GdNLDnOsnrb1AnpVL5I="
    }
  }
}
