{
  "name": "vk-longpoll",
  "version": "0.3.1",
  "lockfileVersion": 1,
  "requires": true,
  "dependencies": {
    "node-vk-sdk": {
      "version": "1.0.5",
      "resolved": "https://registry.npmjs.org/node-vk-sdk/-/node-vk-sdk-1.0.5.tgz",
      "integrity": "sha512-JlyiMf7TOSJEGlBXkVBOF319uh+4IoJSeYG+iMoxytXMO8MhNGIrqyCgFj9WBSoD6vC8kne5jngYwdvLvpGDXQ==",
      "requires": {
        "tiny_request": "1.0.13"
      }
    },
    "promise-vksdk": {
      "version": "5.3.2",
      "resolved": "https://registry.npmjs.org/promise-vksdk/-/promise-vksdk-5.3.2.tgz",
      "integrity": "sha512-WILu0Rme51G39gi9E6q1I1i4ExCCHNDQDviCPcYxwGlioTNwRXItTi17nHpGg+2EEvFtuQl08prnOX3foVwaMA=="
    },
    "tiny_request": {
      "version": "1.0.13",
      "resolved": "https://registry.npmjs.org/tiny_request/-/tiny_request-1.0.13.tgz",
      "integrity": "sha1-gbmXd5R1GdNLDnOsnrb1AnpVL5I="
    }
  }
}
